
Microsoft Visual Studio Solution File, Format Version 12.00
# Visual Studio Version 16
VisualStudioVersion = 16.0.31112.23
MinimumVisualStudioVersion = 10.0.40219.1
Project("{FAE04EC0-301F-11D3-BF4B-00C04F79EFBC}") = "WidgetOOPCSharp", "WidgetOOPCSharp\WidgetOOPCSharp.csproj", "{AD05924F-BBC9-4FC8-BF3A-FDF307E9B84B}"
EndProject
Global
	GlobalSection(SolutionConfigurationPlatforms) = preSolution
		Debug|Any CPU = Debug|Any CPU
		Release|Any CPU = Release|Any CPU
	EndGlobalSection
	GlobalSection(ProjectConfigurationPlatforms) = postSolution
		{AD05924F-BBC9-4FC8-BF3A-FDF307E9B84B}.Debug|Any CPU.ActiveCfg = Debug|Any CPU
		{AD05924F-BBC9-4FC8-BF3A-FDF307E9B84B}.Debug|Any CPU.Build.0 = Debug|Any CPU
		{AD05924F-BBC9-4FC8-BF3A-FDF307E9B84B}.Release|Any CPU.ActiveCfg = Release|Any CPU
		{AD05924F-BBC9-4FC8-BF3A-FDF307E9B84B}.Release|Any CPU.Build.0 = Release|Any CPU
	EndGlobalSection
	GlobalSection(SolutionProperties) = preSolution
		HideSolutionNode = FALSE
	EndGlobalSection
	GlobalSection(ExtensibilityGlobals) = postSolution
		SolutionGuid = {0C626FE0-8749-4E2E-8F40-D7373D3B8557}
	EndGlobalSection
EndGlobal
